
Microsoft Visual Studio Solution File, Format Version 12.00
# Visual Studio Version 16
VisualStudioVersion = 16.0.31605.320
MinimumVisualStudioVersion = 10.0.40219.1
Project("{FAE04EC0-301F-11D3-BF4B-00C04F79EFBC}") = "nestortodo.Common", "nestortodo.Common\nestortodo.Common.csproj", "{4AD85623-742A-4EB4-BFFE-CD0E02299877}"
EndProject
Project("{FAE04EC0-301F-11D3-BF4B-00C04F79EFBC}") = "nestortodo.Functions", "nestortodo.Functions\nestortodo.Functions.csproj", "{11942F4F-253C-4046-968B-A141D00CF619}"
EndProject
Project("{FAE04EC0-301F-11D3-BF4B-00C04F79EFBC}") = "nestortodo.Test", "nestortodo.Test\nestortodo.Test.csproj", "{FD8A342B-2600-43A9-AA63-995CDDC485D6}"
EndProject
Global
	GlobalSection(SolutionConfigurationPlatforms) = preSolution
		Debug|Any CPU = Debug|Any CPU
		Release|Any CPU = Release|Any CPU
	EndGlobalSection
	GlobalSection(ProjectConfigurationPlatforms) = postSolution
		{4AD85623-742A-4EB4-BFFE-CD0E02299877}.Debug|Any CPU.ActiveCfg = Debug|Any CPU
		{4AD85623-742A-4EB4-BFFE-CD0E02299877}.Debug|Any CPU.Build.0 = Debug|Any CPU
		{4AD85623-742A-4EB4-BFFE-CD0E02299877}.Release|Any CPU.ActiveCfg = Release|Any CPU
		{4AD85623-742A-4EB4-BFFE-CD0E02299877}.Release|Any CPU.Build.0 = Release|Any CPU
		{11942F4F-253C-4046-968B-A141D00CF619}.Debug|Any CPU.ActiveCfg = Debug|Any CPU
		{11942F4F-253C-4046-968B-A141D00CF619}.Debug|Any CPU.Build.0 = Debug|Any CPU
		{11942F4F-253C-4046-968B-A141D00CF619}.Release|Any CPU.ActiveCfg = Release|Any CPU
		{11942F4F-253C-4046-968B-A141D00CF619}.Release|Any CPU.Build.0 = Release|Any CPU
		{FD8A342B-2600-43A9-AA63-995CDDC485D6}.Debug|Any CPU.ActiveCfg = Debug|Any CPU
		{FD8A342B-2600-43A9-AA63-995CDDC485D6}.Debug|Any CPU.Build.0 = Debug|Any CPU
		{FD8A342B-2600-43A9-AA63-995CDDC485D6}.Release|Any CPU.ActiveCfg = Release|Any CPU
		{FD8A342B-2600-43A9-AA63-995CDDC485D6}.Release|Any CPU.Build.0 = Release|Any CPU
	EndGlobalSection
	GlobalSection(SolutionProperties) = preSolution
		HideSolutionNode = FALSE
	EndGlobalSection
	GlobalSection(ExtensibilityGlobals) = postSolution
		SolutionGuid = {E60FD8DA-3BFD-499D-ABA4-AD269E14ACA6}
	EndGlobalSection
EndGlobal
